github.com/xhd2015/kool v0.0.98 h1:OAunx+F22CPBwQa3ufKoZdBul1ykFgW7zLS38UTHI4w=
github.com/xhd2015/kool v0.0.98/go.mod h1:UIWfoN/EZsCwFtCCvOoC+g805k5UJfi8wCuTO6QzDDg=
github.com/xhd2015/less-gen v0.0.19 h1:JllrPhx3HzN+f2AB6cTvW9aRCpvuODJFx7affpa0zQY=
github.com/xhd2015/less-gen v0.0.19/go.mod h1:Ym5HW/yfVnf2mgSo48QsuHAKnMTPv/u7oqty+raTnTQ=
github.com/xhd2015/xgo v1.1.14 h1:FZ8nYSOGb3SQD6S9gP5dIFbW/9OuoGzr5hXVJC+McQc=
github.com/xhd2015/xgo v1.1.14/go.mod h1:LJxlcYSaXo/9YpsnB3yHh9NHe7BRettYCytaNGWY2BE=
